
Microsoft Visual Studio Solution File, Format Version 12.00
# Visual Studio Version 17
VisualStudioVersion = 17.6.33815.320
MinimumVisualStudioVersion = 10.0.40219.1
Project("{FAE04EC0-301F-11D3-BF4B-00C04F79EFBC}") = "PracticeProject-4", "PracticeProject-4\PracticeProject-4.csproj", "{543E3157-C1BB-40E1-B355-9D29E661D914}"
EndProject
Global
	GlobalSection(SolutionConfigurationPlatforms) = preSolution
		Debug|Any CPU = Debug|Any CPU
		Release|Any CPU = Release|Any CPU
	EndGlobalSection
	GlobalSection(ProjectConfigurationPlatforms) = postSolution
		{543E3157-C1BB-40E1-B355-9D29E661D914}.Debug|Any CPU.ActiveCfg = Debug|Any CPU
		{543E3157-C1BB-40E1-B355-9D29E661D914}.Debug|Any CPU.Build.0 = Debug|Any CPU
		{543E3157-C1BB-40E1-B355-9D29E661D914}.Release|Any CPU.ActiveCfg = Release|Any CPU
		{543E3157-C1BB-40E1-B355-9D29E661D914}.Release|Any CPU.Build.0 = Release|Any CPU
	EndGlobalSection
	GlobalSection(SolutionProperties) = preSolution
		HideSolutionNode = FALSE
	EndGlobalSection
	GlobalSection(ExtensibilityGlobals) = postSolution
		SolutionGuid = {14E67DEC-6681-4515-88FC-07697112CDB6}
	EndGlobalSection
EndGlobal
